// !$*UTF8*$!
{
	archiveVersion = 1;
	classes = {
	};
	objectVersion = 50;
	objects = {

/* Begin PBXBuildFile section */
		25FC116362B426AF77716A78 /* libPods-DoubleBurger.a in Frameworks */ = {isa = PBXBuildFile; fileRef = 8D245F7EB3D0AB4D998843DA /* libPods-DoubleBurger.a */; };
		7109024820FF4B8D007DE01B /* OffersVC.swift in Sources */ = {isa = PBXBuildFile; fileRef = 7109024720FF4B8D007DE01B /* OffersVC.swift */; };
		7109024B20FF4B9C007DE01B /* NewsCell.xib in Resources */ = {isa = PBXBuildFile; fileRef = 7109024A20FF4B9C007DE01B /* NewsCell.xib */; };
		7109024D20FF4BA5007DE01B /* NewsCell.swift in Sources */ = {isa = PBXBuildFile; fileRef = 7109024C20FF4BA5007DE01B /* NewsCell.swift */; };
		7109025020FF4C83007DE01B /* OfferCell.swift in Sources */ = {isa = PBXBuildFile; fileRef = 7109024F20FF4C83007DE01B /* OfferCell.swift */; };
		7109025220FF4C8E007DE01B /* OfferCell.xib in Resources */ = {isa = PBXBuildFile; fileRef = 7109025120FF4C8E007DE01B /* OfferCell.xib */; };
		7124EE91214E589E00C8CA99 /* Presenter.swift in Sources */ = {isa = PBXBuildFile; fileRef = 7124EE90214E589E00C8CA99 /* Presenter.swift */; };
		7124EE93214E694700C8CA99 /* ContactsVC.swift in Sources */ = {isa = PBXBuildFile; fileRef = 7124EE92214E694700C8CA99 /* ContactsVC.swift */; };
		715F6C3920FD0C030045C13D /* R.generated.swift in Sources */ = {isa = PBXBuildFile; fileRef = 715F6C3820FD0C030045C13D /* R.generated.swift */; };
		715F6C3D20FD0EFE0045C13D /* CityCell.xib in Resources */ = {isa = PBXBuildFile; fileRef = 715F6C3C20FD0EFE0045C13D /* CityCell.xib */; };
		715F6C3F20FD0F4C0045C13D /* CityCell.swift in Sources */ = {isa = PBXBuildFile; fileRef = 715F6C3E20FD0F4C0045C13D /* CityCell.swift */; };
		715F6C4720FD12A50045C13D /* Extensions.swift in Sources */ = {isa = PBXBuildFile; fileRef = 715F6C4620FD12A50045C13D /* Extensions.swift */; };
		7195417920F90B7B008B92CC /* DoubleBurgerTests.swift in Sources */ = {isa = PBXBuildFile; fileRef = 7195417820F90B7B008B92CC /* DoubleBurgerTests.swift */; };
		7195418420F90B7B008B92CC /* DoubleBurgerUITests.swift in Sources */ = {isa = PBXBuildFile; fileRef = 7195418320F90B7B008B92CC /* DoubleBurgerUITests.swift */; };
		71C52A1321555F64000F19FE /* FormatPhone.swift in Sources */ = {isa = PBXBuildFile; fileRef = 71C52A1221555F64000F19FE /* FormatPhone.swift */; };
		71C52A1521563698000F19FE /* Location.swift in Sources */ = {isa = PBXBuildFile; fileRef = 71C52A1421563698000F19FE /* Location.swift */; };
		71D7496220F94B6500EA1D2F /* Offer.swift in Sources */ = {isa = PBXBuildFile; fileRef = 71D7494720F94B6500EA1D2F /* Offer.swift */; };
		71D7496320F94B6500EA1D2F /* Event.swift in Sources */ = {isa = PBXBuildFile; fileRef = 71D7494820F94B6500EA1D2F /* Event.swift */; };
		71D7496420F94B6500EA1D2F /* Place.swift in Sources */ = {isa = PBXBuildFile; fileRef = 71D7494920F94B6500EA1D2F /* Place.swift */; };
		71D7496520F94B6500EA1D2F /* OffersVM.swift in Sources */ = {isa = PBXBuildFile; fileRef = 71D7494C20F94B6500EA1D2F /* OffersVM.swift */; };
		71D7496620F94B6500EA1D2F /* OfferVM.swift in Sources */ = {isa = PBXBuildFile; fileRef = 71D7494D20F94B6500EA1D2F /* OfferVM.swift */; };
		71D7496720F94B6500EA1D2F /* PlaceVM.swift in Sources */ = {isa = PBXBuildFile; fileRef = 71D7494F20F94B6500EA1D2F /* PlaceVM.swift */; };
		71D7496820F94B6500EA1D2F /* PlacesVM.swift in Sources */ = {isa = PBXBuildFile; fileRef = 71D7495020F94B6500EA1D2F /* PlacesVM.swift */; };
		71D7496920F94B6500EA1D2F /* EventVM.swift in Sources */ = {isa = PBXBuildFile; fileRef = 71D7495220F94B6500EA1D2F /* EventVM.swift */; };
		71D7496A20F94B6500EA1D2F /* EventsVM.swift in Sources */ = {isa = PBXBuildFile; fileRef = 71D7495320F94B6500EA1D2F /* EventsVM.swift */; };
		71D7496B20F94B6500EA1D2F /* CitiesVC.swift in Sources */ = {isa = PBXBuildFile; fileRef = 71D7495520F94B6500EA1D2F /* CitiesVC.swift */; };
		71D7496C20F94B6500EA1D2F /* Main.storyboard in Resources */ = {isa = PBXBuildFile; fileRef = 71D7495620F94B6500EA1D2F /* Main.storyboard */; };
		71D7496D20F94B6500EA1D2F /* Settings.swift in Sources */ = {isa = PBXBuildFile; fileRef = 71D7495920F94B6500EA1D2F /* Settings.swift */; };
		71D7496E20F94B6500EA1D2F /* Api.swift in Sources */ = {isa = PBXBuildFile; fileRef = 71D7495A20F94B6500EA1D2F /* Api.swift */; };
		71D7496F20F94B6500EA1D2F /* Assets.xcassets in Resources */ = {isa = PBXBuildFile; fileRef = 71D7495C20F94B6500EA1D2F /* Assets.xcassets */; };
		71D7497020F94B6500EA1D2F /* GoogleService-Info.plist in Resources */ = {isa = PBXBuildFile; fileRef = 71D7495D20F94B6500EA1D2F /* GoogleService-Info.plist */; };
		71D7497120F94B6500EA1D2F /* LaunchScreen.storyboard in Resources */ = {isa = PBXBuildFile; fileRef = 71D7495E20F94B6500EA1D2F /* LaunchScreen.storyboard */; };
		71D7497220F94B6500EA1D2F /* AppDelegate.swift in Sources */ = {isa = PBXBuildFile; fileRef = 71D7496020F94B6500EA1D2F /* AppDelegate.swift */; };
		71D7497520F94EB200EA1D2F /* PaginationQuery.swift in Sources */ = {isa = PBXBuildFile; fileRef = 71D7497420F94EB200EA1D2F /* PaginationQuery.swift */; };
		71ED4DB5213D248700958634 /* CodeVC.swift in Sources */ = {isa = PBXBuildFile; fileRef = 71ED4DB4213D248700958634 /* CodeVC.swift */; };
/* End PBXBuildFile section */

/* Begin PBXContainerItemProxy section */
		7195417520F90B7B008B92CC /* PBXContainerItemProxy */ = {
			isa = PBXContainerItemProxy;
			containerPortal = 7195415820F90B78008B92CC /* Project object */;
			proxyType = 1;
			remoteGlobalIDString = 7195415F20F90B78008B92CC;
			remoteInfo = DoubleBurger;
		};
		7195418020F90B7B008B92CC /* PBXContainerItemProxy */ = {
			isa = PBXContainerItemProxy;
			containerPortal = 7195415820F90B78008B92CC /* Project object */;
			proxyType = 1;
			remoteGlobalIDString = 7195415F20F90B78008B92CC;
			remoteInfo = DoubleBurger;
		};
/* End PBXContainerItemProxy section */

/* Begin PBXFileReference section */
		7109024720FF4B8D007DE01B /* OffersVC.swift */ = {isa = PBXFileReference; lastKnownFileType = sourcecode.swift; path = OffersVC.swift; sourceTree = "<group>"; };
		7109024A20FF4B9C007DE01B /* NewsCell.xib */ = {isa = PBXFileReference; lastKnownFileType = file.xib; path = NewsCell.xib; sourceTree = "<group>"; };
		7109024C20FF4BA5007DE01B /* NewsCell.swift */ = {isa = PBXFileReference; lastKnownFileType = sourcecode.swift; path = NewsCell.swift; sourceTree = "<group>"; };
		7109024F20FF4C83007DE01B /* OfferCell.swift */ = {isa = PBXFileReference; lastKnownFileType = sourcecode.swift; path = OfferCell.swift; sourceTree = "<group>"; };
		7109025120FF4C8E007DE01B /* OfferCell.xib */ = {isa = PBXFileReference; lastKnownFileType = file.xib; path = OfferCell.xib; sourceTree = "<group>"; };
		7124EE90214E589E00C8CA99 /* Presenter.swift */ = {isa = PBXFileReference; lastKnownFileType = sourcecode.swift; path = Presenter.swift; sourceTree = "<group>"; };
		7124EE92214E694700C8CA99 /* ContactsVC.swift */ = {isa = PBXFileReference; lastKnownFileType = sourcecode.swift; path = ContactsVC.swift; sourceTree = "<group>"; };
		715F6C3820FD0C030045C13D /* R.generated.swift */ = {isa = PBXFileReference; fileEncoding = 4; lastKnownFileType = sourcecode.swift; path = R.generated.swift; sourceTree = SOURCE_ROOT; };
		715F6C3C20FD0EFE0045C13D /* CityCell.xib */ = {isa = PBXFileReference; lastKnownFileType = file.xib; path = CityCell.xib; sourceTree = "<group>"; };
		715F6C3E20FD0F4C0045C13D /* CityCell.swift */ = {isa = PBXFileReference; lastKnownFileType = sourcecode.swift; path = CityCell.swift; sourceTree = "<group>"; };
		715F6C4620FD12A50045C13D /* Extensions.swift */ = {isa = PBXFileReference; fileEncoding = 4; lastKnownFileType = sourcecode.swift; path = Extensions.swift; sourceTree = "<group>"; };
		7195416020F90B78008B92CC /* DoubleBurger.app */ = {isa = PBXFileReference; explicitFileType = wrapper.application; includeInIndex = 0; path = DoubleBurger.app; sourceTree = BUILT_PRODUCTS_DIR; };
		7195417420F90B7B008B92CC /* DoubleBurgerTests.xctest */ = {isa = PBXFileReference; explicitFileType = wrapper.cfbundle; includeInIndex = 0; path = DoubleBurgerTests.xctest; sourceTree = BUILT_PRODUCTS_DIR; };
		7195417820F90B7B008B92CC /* DoubleBurgerTests.swift */ = {isa = PBXFileReference; lastKnownFileType = sourcecode.swift; path = DoubleBurgerTests.swift; sourceTree = "<group>"; };
		7195417A20F90B7B008B92CC /* Info.plist */ = {isa = PBXFileReference; lastKnownFileType = text.plist.xml; path = Info.plist; sourceTree = "<group>"; };
		7195417F20F90B7B008B92CC /* DoubleBurgerUITests.xctest */ = {isa = PBXFileReference; explicitFileType = wrapper.cfbundle; includeInIndex = 0; path = DoubleBurgerUITests.xctest; sourceTree = BUILT_PRODUCTS_DIR; };
		7195418320F90B7B008B92CC /* DoubleBurgerUITests.swift */ = {isa = PBXFileReference; lastKnownFileType = sourcecode.swift; path = DoubleBurgerUITests.swift; sourceTree = "<group>"; };
		7195418520F90B7B008B92CC /* Info.plist */ = {isa = PBXFileReference; lastKnownFileType = text.plist.xml; path = Info.plist; sourceTree = "<group>"; };
		71C52A1221555F64000F19FE /* FormatPhone.swift */ = {isa = PBXFileReference; lastKnownFileType = sourcecode.swift; path = FormatPhone.swift; sourceTree = "<group>"; };
		71C52A1421563698000F19FE /* Location.swift */ = {isa = PBXFileReference; lastKnownFileType = sourcecode.swift; path = Location.swift; sourceTree = "<group>"; };
		71D7494720F94B6500EA1D2F /* Offer.swift */ = {isa = PBXFileReference; fileEncoding = 4; lastKnownFileType = sourcecode.swift; path = Offer.swift; sourceTree = "<group>"; };
		71D7494820F94B6500EA1D2F /* Event.swift */ = {isa = PBXFileReference; fileEncoding = 4; lastKnownFileType = sourcecode.swift; path = Event.swift; sourceTree = "<group>"; };
		71D7494920F94B6500EA1D2F /* Place.swift */ = {isa = PBXFileReference; fileEncoding = 4; lastKnownFileType = sourcecode.swift; path = Place.swift; sourceTree = "<group>"; };
		71D7494C20F94B6500EA1D2F /* OffersVM.swift */ = {isa = PBXFileReference; fileEncoding = 4; lastKnownFileType = sourcecode.swift; path = OffersVM.swift; sourceTree = "<group>"; };
		71D7494D20F94B6500EA1D2F /* OfferVM.swift */ = {isa = PBXFileReference; fileEncoding = 4; lastKnownFileType = sourcecode.swift; path = OfferVM.swift; sourceTree = "<group>"; };
		71D7494F20F94B6500EA1D2F /* PlaceVM.swift */ = {isa = PBXFileReference; fileEncoding = 4; lastKnownFileType = sourcecode.swift; path = PlaceVM.swift; sourceTree = "<group>"; };
		71D7495020F94B6500EA1D2F /* PlacesVM.swift */ = {isa = PBXFileReference; fileEncoding = 4; lastKnownFileType = sourcecode.swift; path = PlacesVM.swift; sourceTree = "<group>"; };
		71D7495220F94B6500EA1D2F /* EventVM.swift */ = {isa = PBXFileReference; fileEncoding = 4; lastKnownFileType = sourcecode.swift; path = EventVM.swift; sourceTree = "<group>"; };
		71D7495320F94B6500EA1D2F /* EventsVM.swift */ = {isa = PBXFileReference; fileEncoding = 4; lastKnownFileType = sourcecode.swift; path = EventsVM.swift; sourceTree = "<group>"; };
		71D7495520F94B6500EA1D2F /* CitiesVC.swift */ = {isa = PBXFileReference; fileEncoding = 4; lastKnownFileType = sourcecode.swift; path = CitiesVC.swift; sourceTree = "<group>"; };
		71D7495720F94B6500EA1D2F /* Base */ = {isa = PBXFileReference; lastKnownFileType = file.storyboard; name = Base; path = Base.lproj/Main.storyboard; sourceTree = "<group>"; };
		71D7495920F94B6500EA1D2F /* Settings.swift */ = {isa = PBXFileReference; fileEncoding = 4; lastKnownFileType = sourcecode.swift; path = Settings.swift; sourceTree = "<group>"; };
		71D7495A20F94B6500EA1D2F /* Api.swift */ = {isa = PBXFileReference; fileEncoding = 4; lastKnownFileType = sourcecode.swift; path = Api.swift; sourceTree = "<group>"; };
		71D7495C20F94B6500EA1D2F /* Assets.xcassets */ = {isa = PBXFileReference; lastKnownFileType = folder.assetcatalog; path = Assets.xcassets; sourceTree = "<group>"; };
		71D7495D20F94B6500EA1D2F /* GoogleService-Info.plist */ = {isa = PBXFileReference; fileEncoding = 4; lastKnownFileType = text.plist.xml; path = "GoogleService-Info.plist"; sourceTree = "<group>"; };
		71D7495F20F94B6500EA1D2F /* Base */ = {isa = PBXFileReference; lastKnownFileType = file.storyboard; name = Base; path = Base.lproj/LaunchScreen.storyboard; sourceTree = "<group>"; };
		71D7496020F94B6500EA1D2F /* AppDelegate.swift */ = {isa = PBXFileReference; fileEncoding = 4; lastKnownFileType = sourcecode.swift; path = AppDelegate.swift; sourceTree = "<group>"; };
		71D7496120F94B6500EA1D2F /* Info.plist */ = {isa = PBXFileReference; fileEncoding = 4; lastKnownFileType = text.plist.xml; path = Info.plist; sourceTree = "<group>"; };
		71D7497420F94EB200EA1D2F /* PaginationQuery.swift */ = {isa = PBXFileReference; lastKnownFileType = sourcecode.swift; path = PaginationQuery.swift; sourceTree = "<group>"; };
		71ED4DB4213D248700958634 /* CodeVC.swift */ = {isa = PBXFileReference; lastKnownFileType = sourcecode.swift; path = CodeVC.swift; sourceTree = "<group>"; };
		8D245F7EB3D0AB4D998843DA /* libPods-DoubleBurger.a */ = {isa = PBXFileReference; explicitFileType = archive.ar; includeInIndex = 0; path = "libPods-DoubleBurger.a"; sourceTree = BUILT_PRODUCTS_DIR; };
		CF4AB7516471BFF7D94FD903 /* Pods-DoubleBurger.debug.xcconfig */ = {isa = PBXFileReference; includeInIndex = 1; lastKnownFileType = text.xcconfig; name = "Pods-DoubleBurger.debug.xcconfig"; path = "Pods/Target Support Files/Pods-DoubleBurger/Pods-DoubleBurger.debug.xcconfig"; sourceTree = "<group>"; };
		DA4CBBDEDD575266D691BFF0 /* Pods-DoubleBurger.release.xcconfig */ = {isa = PBXFileReference; includeInIndex = 1; lastKnownFileType = text.xcconfig; name = "Pods-DoubleBurger.release.xcconfig"; path = "Pods/Target Support Files/Pods-DoubleBurger/Pods-DoubleBurger.release.xcconfig"; sourceTree = "<group>"; };
/* End PBXFileReference section */

/* Begin PBXFrameworksBuildPhase section */
		7195415D20F90B78008B92CC /* Frameworks */ = {
			isa = PBXFrameworksBuildPhase;
			buildActionMask = 2147483647;
			files = (
				25FC116362B426AF77716A78 /* libPods-DoubleBurger.a in Frameworks */,
			);
			runOnlyForDeploymentPostprocessing = 0;
		};
		7195417120F90B7B008B92CC /* Frameworks */ = {
			isa = PBXFrameworksBuildPhase;
			buildActionMask = 2147483647;
			files = (
			);
			runOnlyForDeploymentPostprocessing = 0;
		};
		7195417C20F90B7B008B92CC /* Frameworks */ = {
			isa = PBXFrameworksBuildPhase;
			buildActionMask = 2147483647;
			files = (
			);
			runOnlyForDeploymentPostprocessing = 0;
		};
/* End PBXFrameworksBuildPhase section */

/* Begin PBXGroup section */
		7109024920FF4B91007DE01B /* NewsCell */ = {
			isa = PBXGroup;
			children = (
				7109024A20FF4B9C007DE01B /* NewsCell.xib */,
				7109024C20FF4BA5007DE01B /* NewsCell.swift */,
			);
			path = NewsCell;
			sourceTree = "<group>";
		};
		7109024E20FF4C74007DE01B /* OfferCell */ = {
			isa = PBXGroup;
			children = (
				7109025120FF4C8E007DE01B /* OfferCell.xib */,
				7109024F20FF4C83007DE01B /* OfferCell.swift */,
			);
			path = OfferCell;
			sourceTree = "<group>";
		};
		715F6C3A20FD0E0D0045C13D /* Controllers */ = {
			isa = PBXGroup;
			children = (
				71D7495520F94B6500EA1D2F /* CitiesVC.swift */,
				7109024720FF4B8D007DE01B /* OffersVC.swift */,
				71ED4DB4213D248700958634 /* CodeVC.swift */,
				7124EE92214E694700C8CA99 /* ContactsVC.swift */,
			);
			path = Controllers;
			sourceTree = "<group>";
		};
		715F6C3B20FD0E110045C13D /* Views */ = {
			isa = PBXGroup;
			children = (
				715F6C4320FD11C60045C13D /* CityCell */,
				7109024E20FF4C74007DE01B /* OfferCell */,
				7109024920FF4B91007DE01B /* NewsCell */,
			);
			path = Views;
			sourceTree = "<group>";
		};
		715F6C4320FD11C60045C13D /* CityCell */ = {
			isa = PBXGroup;
			children = (
				715F6C3C20FD0EFE0045C13D /* CityCell.xib */,
				715F6C3E20FD0F4C0045C13D /* CityCell.swift */,
			);
			path = CityCell;
			sourceTree = "<group>";
		};
		715F6C4820FD12AD0045C13D /* Extensions */ = {
			isa = PBXGroup;
			children = (
				715F6C4620FD12A50045C13D /* Extensions.swift */,
				71C52A1221555F64000F19FE /* FormatPhone.swift */,
			);
			path = Extensions;
			sourceTree = "<group>";
		};
		7195415720F90B78008B92CC = {
			isa = PBXGroup;
			children = (
				7195416220F90B78008B92CC /* DoubleBurger */,
				7195417720F90B7B008B92CC /* DoubleBurgerTests */,
				7195418220F90B7B008B92CC /* DoubleBurgerUITests */,
				7195416120F90B78008B92CC /* Products */,
				7195419520F90BF6008B92CC /* Frameworks */,
				9D83ACDDB1E7EEC5CBDE7631 /* Pods */,
			);
			sourceTree = "<group>";
		};
		7195416120F90B78008B92CC /* Products */ = {
			isa = PBXGroup;
			children = (
				7195416020F90B78008B92CC /* DoubleBurger.app */,
				7195417420F90B7B008B92CC /* DoubleBurgerTests.xctest */,
				7195417F20F90B7B008B92CC /* DoubleBurgerUITests.xctest */,
			);
			name = Products;
			sourceTree = "<group>";
		};
		7195416220F90B78008B92CC /* DoubleBurger */ = {
			isa = PBXGroup;
			children = (
				71D7495820F94B6500EA1D2F /* Services */,
				71D7494620F94B6500EA1D2F /* Model */,
				71D7494A20F94B6500EA1D2F /* View Model */,
				71D7495420F94B6500EA1D2F /* View */,
				715F6C4820FD12AD0045C13D /* Extensions */,
				71D7495B20F94B6500EA1D2F /* Support Files */,
			);
			path = DoubleBurger;
			sourceTree = "<group>";
		};
		7195417720F90B7B008B92CC /* DoubleBurgerTests */ = {
			isa = PBXGroup;
			children = (
				7195417820F90B7B008B92CC /* DoubleBurgerTests.swift */,
				7195417A20F90B7B008B92CC /* Info.plist */,
			);
			path = DoubleBurgerTests;
			sourceTree = "<group>";
		};
		7195418220F90B7B008B92CC /* DoubleBurgerUITests */ = {
			isa = PBXGroup;
			children = (
				7195418320F90B7B008B92CC /* DoubleBurgerUITests.swift */,
				7195418520F90B7B008B92CC /* Info.plist */,
			);
			path = DoubleBurgerUITests;
			sourceTree = "<group>";
		};
		7195419520F90BF6008B92CC /* Frameworks */ = {
			isa = PBXGroup;
			children = (
				8D245F7EB3D0AB4D998843DA /* libPods-DoubleBurger.a */,
			);
			path = Frameworks;
			sourceTree = "<group>";
		};
		71D7494620F94B6500EA1D2F /* Model */ = {
			isa = PBXGroup;
			children = (
				71D7494720F94B6500EA1D2F /* Offer.swift */,
				71D7494820F94B6500EA1D2F /* Event.swift */,
				71D7494920F94B6500EA1D2F /* Place.swift */,
				71C52A1421563698000F19FE /* Location.swift */,
			);
			path = Model;
			sourceTree = "<group>";
		};
		71D7494A20F94B6500EA1D2F /* View Model */ = {
			isa = PBXGroup;
			children = (
				71D7497420F94EB200EA1D2F /* PaginationQuery.swift */,
				71D7494E20F94B6500EA1D2F /* Place */,
				71D7494B20F94B6500EA1D2F /* Offer */,
				71D7495120F94B6500EA1D2F /* Event */,
			);
			path = "View Model";
			sourceTree = "<group>";
		};
		71D7494B20F94B6500EA1D2F /* Offer */ = {
			isa = PBXGroup;
			children = (
				71D7494D20F94B6500EA1D2F /* OfferVM.swift */,
				71D7494C20F94B6500EA1D2F /* OffersVM.swift */,
			);
			path = Offer;
			sourceTree = "<group>";
		};
		71D7494E20F94B6500EA1D2F /* Place */ = {
			isa = PBXGroup;
			children = (
				71D7494F20F94B6500EA1D2F /* PlaceVM.swift */,
				71D7495020F94B6500EA1D2F /* PlacesVM.swift */,
			);
			path = Place;
			sourceTree = "<group>";
		};
		71D7495120F94B6500EA1D2F /* Event */ = {
			isa = PBXGroup;
			children = (
				71D7495220F94B6500EA1D2F /* EventVM.swift */,
				71D7495320F94B6500EA1D2F /* EventsVM.swift */,
			);
			path = Event;
			sourceTree = "<group>";
		};
		71D7495420F94B6500EA1D2F /* View */ = {
			isa = PBXGroup;
			children = (
				7124EE90214E589E00C8CA99 /* Presenter.swift */,
				71D7495620F94B6500EA1D2F /* Main.storyboard */,
				715F6C3A20FD0E0D0045C13D /* Controllers */,
				715F6C3B20FD0E110045C13D /* Views */,
			);
			path = View;
			sourceTree = "<group>";
		};
		71D7495820F94B6500EA1D2F /* Services */ = {
			isa = PBXGroup;
			children = (
				71D7495920F94B6500EA1D2F /* Settings.swift */,
				71D7495A20F94B6500EA1D2F /* Api.swift */,
			);
			path = Services;
			sourceTree = "<group>";
		};
		71D7495B20F94B6500EA1D2F /* Support Files */ = {
			isa = PBXGroup;
			children = (
				715F6C3820FD0C030045C13D /* R.generated.swift */,
				71D7495C20F94B6500EA1D2F /* Assets.xcassets */,
				71D7495D20F94B6500EA1D2F /* GoogleService-Info.plist */,
				71D7495E20F94B6500EA1D2F /* LaunchScreen.storyboard */,
				71D7496020F94B6500EA1D2F /* AppDelegate.swift */,
				71D7496120F94B6500EA1D2F /* Info.plist */,
			);
			path = "Support Files";
			sourceTree = "<group>";
		};
		9D83ACDDB1E7EEC5CBDE7631 /* Pods */ = {
			isa = PBXGroup;
			children = (
				CF4AB7516471BFF7D94FD903 /* Pods-DoubleBurger.debug.xcconfig */,
				DA4CBBDEDD575266D691BFF0 /* Pods-DoubleBurger.release.xcconfig */,
			);
			name = Pods;
			sourceTree = "<group>";
		};
/* End PBXGroup section */

/* Begin PBXNativeTarget section */
		7195415F20F90B78008B92CC /* DoubleBurger */ = {
			isa = PBXNativeTarget;
			buildConfigurationList = 7195418820F90B7B008B92CC /* Build configuration list for PBXNativeTarget "DoubleBurger" */;
			buildPhases = (
				24449C46ACAC1398F017145A /* [CP] Check Pods Manifest.lock */,
				715F6C3720FD0B100045C13D /* R.Swift */,
				7195415C20F90B78008B92CC /* Sources */,
				7195415D20F90B78008B92CC /* Frameworks */,
				7195415E20F90B78008B92CC /* Resources */,
				B1E79B68E3956796646A8BDE /* [CP] Copy Pods Resources */,
			);
			buildRules = (
			);
			dependencies = (
			);
			name = DoubleBurger;
			productName = DoubleBurger;
			productReference = 7195416020F90B78008B92CC /* DoubleBurger.app */;
			productType = "com.apple.product-type.application";
		};
		7195417320F90B7B008B92CC /* DoubleBurgerTests */ = {
			isa = PBXNativeTarget;
			buildConfigurationList = 7195418B20F90B7B008B92CC /* Build configuration list for PBXNativeTarget "DoubleBurgerTests" */;
			buildPhases = (
				7195417020F90B7B008B92CC /* Sources */,
				7195417120F90B7B008B92CC /* Frameworks */,
				7195417220F90B7B008B92CC /* Resources */,
			);
			buildRules = (
			);
			dependencies = (
				7195417620F90B7B008B92CC /* PBXTargetDependency */,
			);
			name = DoubleBurgerTests;
			productName = DoubleBurgerTests;
			productReference = 7195417420F90B7B008B92CC /* DoubleBurgerTests.xctest */;
			productType = "com.apple.product-type.bundle.unit-test";
		};
		7195417E20F90B7B008B92CC /* DoubleBurgerUITests */ = {
			isa = PBXNativeTarget;
			buildConfigurationList = 7195418E20F90B7B008B92CC /* Build configuration list for PBXNativeTarget "DoubleBurgerUITests" */;
			buildPhases = (
				7195417B20F90B7B008B92CC /* Sources */,
				7195417C20F90B7B008B92CC /* Frameworks */,
				7195417D20F90B7B008B92CC /* Resources */,
			);
			buildRules = (
			);
			dependencies = (
				7195418120F90B7B008B92CC /* PBXTargetDependency */,
			);
			name = DoubleBurgerUITests;
			productName = DoubleBurgerUITests;
			productReference = 7195417F20F90B7B008B92CC /* DoubleBurgerUITests.xctest */;
			productType = "com.apple.product-type.bundle.ui-testing";
		};
/* End PBXNativeTarget section */

/* Begin PBXProject section */
		7195415820F90B78008B92CC /* Project object */ = {
			isa = PBXProject;
			attributes = {
				LastSwiftUpdateCheck = 0940;
				LastUpgradeCheck = 1000;
				ORGANIZATIONNAME = Ysoftware;
				TargetAttributes = {
					7195415F20F90B78008B92CC = {
						CreatedOnToolsVersion = 9.4.1;
					};
					7195417320F90B7B008B92CC = {
						CreatedOnToolsVersion = 9.4.1;
						TestTargetID = 7195415F20F90B78008B92CC;
					};
					7195417E20F90B7B008B92CC = {
						CreatedOnToolsVersion = 9.4.1;
						TestTargetID = 7195415F20F90B78008B92CC;
					};
				};
			};
			buildConfigurationList = 7195415B20F90B78008B92CC /* Build configuration list for PBXProject "DoubleBurger" */;
			compatibilityVersion = "Xcode 9.3";
			developmentRegion = en;
			hasScannedForEncodings = 0;
			knownRegions = (
				en,
				Base,
			);
			mainGroup = 7195415720F90B78008B92CC;
			productRefGroup = 7195416120F90B78008B92CC /* Products */;
			projectDirPath = "";
			projectRoot = "";
			targets = (
				7195415F20F90B78008B92CC /* DoubleBurger */,
				7195417320F90B7B008B92CC /* DoubleBurgerTests */,
				7195417E20F90B7B008B92CC /* DoubleBurgerUITests */,
			);
		};
/* End PBXProject section */

/* Begin PBXResourcesBuildPhase section */
		7195415E20F90B78008B92CC /* Resources */ = {
			isa = PBXResourcesBuildPhase;
			buildActionMask = 2147483647;
			files = (
				715F6C3D20FD0EFE0045C13D /* CityCell.xib in Resources */,
				71D7496F20F94B6500EA1D2F /* Assets.xcassets in Resources */,
				7109025220FF4C8E007DE01B /* OfferCell.xib in Resources */,
				7109024B20FF4B9C007DE01B /* NewsCell.xib in Resources */,
				71D7497120F94B6500EA1D2F /* LaunchScreen.storyboard in Resources */,
				71D7496C20F94B6500EA1D2F /* Main.storyboard in Resources */,
				71D7497020F94B6500EA1D2F /* GoogleService-Info.plist in Resources */,
			);
			runOnlyForDeploymentPostprocessing = 0;
		};
		7195417220F90B7B008B92CC /* Resources */ = {
			isa = PBXResourcesBuildPhase;
			buildActionMask = 2147483647;
			files = (
			);
			runOnlyForDeploymentPostprocessing = 0;
		};
		7195417D20F90B7B008B92CC /* Resources */ = {
			isa = PBXResourcesBuildPhase;
			buildActionMask = 2147483647;
			files = (
			);
			runOnlyForDeploymentPostprocessing = 0;
		};
/* End PBXResourcesBuildPhase section */

/* Begin PBXShellScriptBuildPhase section */
		24449C46ACAC1398F017145A /* [CP] Check Pods Manifest.lock */ = {
			isa = PBXShellScriptBuildPhase;
			buildActionMask = 2147483647;
			files = (
			);
			inputPaths = (
				"${PODS_PODFILE_DIR_PATH}/Podfile.lock",
				"${PODS_ROOT}/Manifest.lock",
			);
			name = "[CP] Check Pods Manifest.lock";
			outputPaths = (
				"$(DERIVED_FILE_DIR)/Pods-DoubleBurger-checkManifestLockResult.txt",
			);
			runOnlyForDeploymentPostprocessing = 0;
			shellPath = /bin/sh;
			shellScript = "diff \"${PODS_PODFILE_DIR_PATH}/Podfile.lock\" \"${PODS_ROOT}/Manifest.lock\" > /dev/null\nif [ $? != 0 ] ; then\n    # print error to STDERR\n    echo \"error: The sandbox is not in sync with the Podfile.lock. Run 'pod install' or update your CocoaPods installation.\" >&2\n    exit 1\nfi\n# This output is used by Xcode 'outputs' to avoid re-running this script phase.\necho \"SUCCESS\" > \"${SCRIPT_OUTPUT_FILE_0}\"\n";
			showEnvVarsInLog = 0;
		};
		715F6C3720FD0B100045C13D /* R.Swift */ = {
			isa = PBXShellScriptBuildPhase;
			buildActionMask = 2147483647;
			files = (
			);
			inputPaths = (
			);
			name = R.Swift;
			outputPaths = (
			);
			runOnlyForDeploymentPostprocessing = 0;
			shellPath = /bin/sh;
			shellScript = "\"$PODS_ROOT/R.swift/rswift\" generate \"$SRCROOT\"";
		};
		B1E79B68E3956796646A8BDE /* [CP] Copy Pods Resources */ = {
			isa = PBXShellScriptBuildPhase;
			buildActionMask = 2147483647;
			files = (
			);
			inputPaths = (
				"${SRCROOT}/Pods/Target Support Files/Pods-DoubleBurger/Pods-DoubleBurger-resources.sh",
				"${PODS_ROOT}/Presentr/Presentr/AlertViewController.xib",
				"${PODS_ROOT}/Presentr/Presentr/Montserrat-Regular.ttf",
				"${PODS_ROOT}/Presentr/Presentr/SourceSansPro-Regular.ttf",
				"${PODS_CONFIGURATION_BUILD_DIR}/gRPC/gRPCCertificates.bundle",
			);
			name = "[CP] Copy Pods Resources";
			outputPaths = (
				"${TARGET_BUILD_DIR}/${UNLOCALIZED_RESOURCES_FOLDER_PATH}/AlertViewController.nib",
				"${TARGET_BUILD_DIR}/${UNLOCALIZED_RESOURCES_FOLDER_PATH}/Montserrat-Regular.ttf",
				"${TARGET_BUILD_DIR}/${UNLOCALIZED_RESOURCES_FOLDER_PATH}/SourceSansPro-Regular.ttf",
				"${TARGET_BUILD_DIR}/${UNLOCALIZED_RESOURCES_FOLDER_PATH}/gRPCCertificates.bundle",
			);
			runOnlyForDeploymentPostprocessing = 0;
			shellPath = /bin/sh;
			shellScript = "\"${SRCROOT}/Pods/Target Support Files/Pods-DoubleBurger/Pods-DoubleBurger-resources.sh\"\n";
			showEnvVarsInLog = 0;
		};
/* End PBXShellScriptBuildPhase section */

/* Begin PBXSourcesBuildPhase section */
		7195415C20F90B78008B92CC /* Sources */ = {
			isa = PBXSourcesBuildPhase;
			buildActionMask = 2147483647;
			files = (
				71D7496B20F94B6500EA1D2F /* CitiesVC.swift in Sources */,
				7109024820FF4B8D007DE01B /* OffersVC.swift in Sources */,
				715F6C4720FD12A50045C13D /* Extensions.swift in Sources */,
				71D7496720F94B6500EA1D2F /* PlaceVM.swift in Sources */,
				715F6C3F20FD0F4C0045C13D /* CityCell.swift in Sources */,
				715F6C3920FD0C030045C13D /* R.generated.swift in Sources */,
				71D7496420F94B6500EA1D2F /* Place.swift in Sources */,
				71C52A1521563698000F19FE /* Location.swift in Sources */,
				71C52A1321555F64000F19FE /* FormatPhone.swift in Sources */,
				71D7496520F94B6500EA1D2F /* OffersVM.swift in Sources */,
				71D7496820F94B6500EA1D2F /* PlacesVM.swift in Sources */,
				71D7496320F94B6500EA1D2F /* Event.swift in Sources */,
				71D7496E20F94B6500EA1D2F /* Api.swift in Sources */,
				71D7496A20F94B6500EA1D2F /* EventsVM.swift in Sources */,
				7124EE91214E589E00C8CA99 /* Presenter.swift in Sources */,
				71D7497220F94B6500EA1D2F /* AppDelegate.swift in Sources */,
				7109024D20FF4BA5007DE01B /* NewsCell.swift in Sources */,
				71D7496920F94B6500EA1D2F /* EventVM.swift in Sources */,
				7124EE93214E694700C8CA99 /* ContactsVC.swift in Sources */,
				71D7497520F94EB200EA1D2F /* PaginationQuery.swift in Sources */,
				71D7496220F94B6500EA1D2F /* Offer.swift in Sources */,
				71ED4DB5213D248700958634 /* CodeVC.swift in Sources */,
				71D7496D20F94B6500EA1D2F /* Settings.swift in Sources */,
				71D7496620F94B6500EA1D2F /* OfferVM.swift in Sources */,
				7109025020FF4C83007DE01B /* OfferCell.swift in Sources */,
			);
			runOnlyForDeploymentPostprocessing = 0;
		};
		7195417020F90B7B008B92CC /* Sources */ = {
			isa = PBXSourcesBuildPhase;
			buildActionMask = 2147483647;
			files = (
				7195417920F90B7B008B92CC /* DoubleBurgerTests.swift in Sources */,
			);
			runOnlyForDeploymentPostprocessing = 0;
		};
		7195417B20F90B7B008B92CC /* Sources */ = {
			isa = PBXSourcesBuildPhase;
			buildActionMask = 2147483647;
			files = (
				7195418420F90B7B008B92CC /* DoubleBurgerUITests.swift in Sources */,
			);
			runOnlyForDeploymentPostprocessing = 0;
		};
/* End PBXSourcesBuildPhase section */

/* Begin PBXTargetDependency section */
		7195417620F90B7B008B92CC /* PBXTargetDependency */ = {
			isa = PBXTargetDependency;
			target = 7195415F20F90B78008B92CC /* DoubleBurger */;
			targetProxy = 7195417520F90B7B008B92CC /* PBXContainerItemProxy */;
		};
		7195418120F90B7B008B92CC /* PBXTargetDependency */ = {
			isa = PBXTargetDependency;
			target = 7195415F20F90B78008B92CC /* DoubleBurger */;
			targetProxy = 7195418020F90B7B008B92CC /* PBXContainerItemProxy */;
		};
/* End PBXTargetDependency section */

/* Begin PBXVariantGroup section */
		71D7495620F94B6500EA1D2F /* Main.storyboard */ = {
			isa = PBXVariantGroup;
			children = (
				71D7495720F94B6500EA1D2F /* Base */,
			);
			name = Main.storyboard;
			sourceTree = "<group>";
		};
		71D7495E20F94B6500EA1D2F /* LaunchScreen.storyboard */ = {
			isa = PBXVariantGroup;
			children = (
				71D7495F20F94B6500EA1D2F /* Base */,
			);
			name = LaunchScreen.storyboard;
			sourceTree = "<group>";
		};
/* End PBXVariantGroup section */

/* Begin XCBuildConfiguration section */
		7195418620F90B7B008B92CC /* Debug */ = {
			isa = XCBuildConfiguration;
			buildSettings = {
				ALWAYS_SEARCH_USER_PATHS = NO;
				CLANG_ANALYZER_NONNULL = YES;
				CLANG_ANALYZER_NUMBER_OBJECT_CONVERSION = YES_AGGRESSIVE;
				CLANG_CXX_LANGUAGE_STANDARD = "gnu++14";
				CLANG_CXX_LIBRARY = "libc++";
				CLANG_ENABLE_MODULES = YES;
				CLANG_ENABLE_OBJC_ARC = YES;
				CLANG_ENABLE_OBJC_WEAK = YES;
				CLANG_WARN_BLOCK_CAPTURE_AUTORELEASING = YES;
				CLANG_WARN_BOOL_CONVERSION = YES;
				CLANG_WARN_COMMA = YES;
				CLANG_WARN_CONSTANT_CONVERSION = YES;
				CLANG_WARN_DEPRECATED_OBJC_IMPLEMENTATIONS = YES;
				CLANG_WARN_DIRECT_OBJC_ISA_USAGE = YES_ERROR;
				CLANG_WARN_DOCUMENTATION_COMMENTS = YES;
				CLANG_WARN_EMPTY_BODY = YES;
				CLANG_WARN_ENUM_CONVERSION = YES;
				CLANG_WARN_INFINITE_RECURSION = YES;
				CLANG_WARN_INT_CONVERSION = YES;
				CLANG_WARN_NON_LITERAL_NULL_CONVERSION = YES;
				CLANG_WARN_OBJC_IMPLICIT_RETAIN_SELF = YES;
				CLANG_WARN_OBJC_LITERAL_CONVERSION = YES;
				CLANG_WARN_OBJC_ROOT_CLASS = YES_ERROR;
				CLANG_WARN_RANGE_LOOP_ANALYSIS = YES;
				CLANG_WARN_STRICT_PROTOTYPES = YES;
				CLANG_WARN_SUSPICIOUS_MOVE = YES;
				CLANG_WARN_UNGUARDED_AVAILABILITY = YES_AGGRESSIVE;
				CLANG_WARN_UNREACHABLE_CODE = YES;
				CLANG_WARN__DUPLICATE_METHOD_MATCH = YES;
				CODE_SIGN_IDENTITY = "iPhone Developer";
				COPY_PHASE_STRIP = NO;
				DEBUG_INFORMATION_FORMAT = dwarf;
				ENABLE_STRICT_OBJC_MSGSEND = YES;
				ENABLE_TESTABILITY = YES;
				GCC_C_LANGUAGE_STANDARD = gnu11;
				GCC_DYNAMIC_NO_PIC = NO;
				GCC_NO_COMMON_BLOCKS = YES;
				GCC_OPTIMIZATION_LEVEL = 0;
				GCC_PREPROCESSOR_DEFINITIONS = (
					"DEBUG=1",
					"$(inherited)",
				);
				GCC_WARN_64_TO_32_BIT_CONVERSION = YES;
				GCC_WARN_ABOUT_RETURN_TYPE = YES_ERROR;
				GCC_WARN_UNDECLARED_SELECTOR = YES;
				GCC_WARN_UNINITIALIZED_AUTOS = YES_AGGRESSIVE;
				GCC_WARN_UNUSED_FUNCTION = YES;
				GCC_WARN_UNUSED_VARIABLE = YES;
				IPHONEOS_DEPLOYMENT_TARGET = 11.4;
				MTL_ENABLE_DEBUG_INFO = YES;
				ONLY_ACTIVE_ARCH = YES;
				SDKROOT = iphoneos;
				SWIFT_ACTIVE_COMPILATION_CONDITIONS = DEBUG;
				SWIFT_OPTIMIZATION_LEVEL = "-Onone";
			};
			name = Debug;
		};
		7195418720F90B7B008B92CC /* Release */ = {
			isa = XCBuildConfiguration;
			buildSettings = {
				ALWAYS_SEARCH_USER_PATHS = NO;
				CLANG_ANALYZER_NONNULL = YES;
				CLANG_ANALYZER_NUMBER_OBJECT_CONVERSION = YES_AGGRESSIVE;
				CLANG_CXX_LANGUAGE_STANDARD = "gnu++14";
				CLANG_CXX_LIBRARY = "libc++";
				CLANG_ENABLE_MODULES = YES;
				CLANG_ENABLE_OBJC_ARC = YES;
				CLANG_ENABLE_OBJC_WEAK = YES;
				CLANG_WARN_BLOCK_CAPTURE_AUTORELEASING = YES;
				CLANG_WARN_BOOL_CONVERSION = YES;
				CLANG_WARN_COMMA = YES;
				CLANG_WARN_CONSTANT_CONVERSION = YES;
				CLANG_WARN_DEPRECATED_OBJC_IMPLEMENTATIONS = YES;
				CLANG_WARN_DIRECT_OBJC_ISA_USAGE = YES_ERROR;
				CLANG_WARN_DOCUMENTATION_COMMENTS = YES;
				CLANG_WARN_EMPTY_BODY = YES;
				CLANG_WARN_ENUM_CONVERSION = YES;
				CLANG_WARN_INFINITE_RECURSION = YES;
				CLANG_WARN_INT_CONVERSION = YES;
				CLANG_WARN_NON_LITERAL_NULL_CONVERSION = YES;
				CLANG_WARN_OBJC_IMPLICIT_RETAIN_SELF = YES;
				CLANG_WARN_OBJC_LITERAL_CONVERSION = YES;
				CLANG_WARN_OBJC_ROOT_CLASS = YES_ERROR;
				CLANG_WARN_RANGE_LOOP_ANALYSIS = YES;
				CLANG_WARN_STRICT_PROTOTYPES = YES;
				CLANG_WARN_SUSPICIOUS_MOVE = YES;
				CLANG_WARN_UNGUARDED_AVAILABILITY = YES_AGGRESSIVE;
				CLANG_WARN_UNREACHABLE_CODE = YES;
				CLANG_WARN__DUPLICATE_METHOD_MATCH = YES;
				CODE_SIGN_IDENTITY = "iPhone Developer";
				COPY_PHASE_STRIP = NO;
				DEBUG_INFORMATION_FORMAT = "dwarf-with-dsym";
				ENABLE_NS_ASSERTIONS = NO;
				ENABLE_STRICT_OBJC_MSGSEND = YES;
				GCC_C_LANGUAGE_STANDARD = gnu11;
				GCC_NO_COMMON_BLOCKS = YES;
				GCC_WARN_64_TO_32_BIT_CONVERSION = YES;
				GCC_WARN_ABOUT_RETURN_TYPE = YES_ERROR;
				GCC_WARN_UNDECLARED_SELECTOR = YES;
				GCC_WARN_UNINITIALIZED_AUTOS = YES_AGGRESSIVE;
				GCC_WARN_UNUSED_FUNCTION = YES;
				GCC_WARN_UNUSED_VARIABLE = YES;
				IPHONEOS_DEPLOYMENT_TARGET = 11.4;
				MTL_ENABLE_DEBUG_INFO = NO;
				SDKROOT = iphoneos;
				SWIFT_COMPILATION_MODE = wholemodule;
				SWIFT_OPTIMIZATION_LEVEL = "-O";
				VALIDATE_PRODUCT = YES;
			};
			name = Release;
		};
		7195418920F90B7B008B92CC /* Debug */ = {
			isa = XCBuildConfiguration;
			baseConfigurationReference = CF4AB7516471BFF7D94FD903 /* Pods-DoubleBurger.debug.xcconfig */;
			buildSettings = {
				ASSETCATALOG_COMPILER_APPICON_NAME = AppIcon;
				CODE_SIGN_STYLE = Automatic;
				DEVELOPMENT_TEAM = S422Q897FZ;
				FRAMEWORK_SEARCH_PATHS = (
					"$(inherited)",
					"$(PROJECT_DIR)/DoubleBurger",
					"$(PROJECT_DIR)/Frameworks",
				);
				INFOPLIST_FILE = "$(SRCROOT)/DoubleBurger/Support Files/Info.plist";
				IPHONEOS_DEPLOYMENT_TARGET = 10.0;
				LD_RUNPATH_SEARCH_PATHS = (
					"$(inherited)",
					"@executable_path/Frameworks",
				);
				PRODUCT_BUNDLE_IDENTIFIER = com.ysoftware.DoubleBurger;
				PRODUCT_NAME = "$(TARGET_NAME)";
				SWIFT_VERSION = 4.0;
				TARGETED_DEVICE_FAMILY = "1,2";
			};
			name = Debug;
		};
		7195418A20F90B7B008B92CC /* Release */ = {
			isa = XCBuildConfiguration;
			baseConfigurationReference = DA4CBBDEDD575266D691BFF0 /* Pods-DoubleBurger.release.xcconfig */;
			buildSettings = {
				ASSETCATALOG_COMPILER_APPICON_NAME = AppIcon;
				CODE_SIGN_STYLE = Automatic;
				DEVELOPMENT_TEAM = S422Q897FZ;
				FRAMEWORK_SEARCH_PATHS = (
					"$(inherited)",
					"$(PROJECT_DIR)/DoubleBurger",
					"$(PROJECT_DIR)/Frameworks",
				);
				INFOPLIST_FILE = "$(SRCROOT)/DoubleBurger/Support Files/Info.plist";
				IPHONEOS_DEPLOYMENT_TARGET = 10.0;
				LD_RUNPATH_SEARCH_PATHS = (
					"$(inherited)",
					"@executable_path/Frameworks",
				);
				PRODUCT_BUNDLE_IDENTIFIER = com.ysoftware.DoubleBurger;
				PRODUCT_NAME = "$(TARGET_NAME)";
				SWIFT_VERSION = 4.0;
				TARGETED_DEVICE_FAMILY = "1,2";
			};
			name = Release;
		};
		7195418C20F90B7B008B92CC /* Debug */ = {
			isa = XCBuildConfiguration;
			buildSettings = {
				ALWAYS_EMBED_SWIFT_STANDARD_LIBRARIES = YES;
				BUNDLE_LOADER = "$(TEST_HOST)";
				CODE_SIGN_STYLE = Automatic;
				DEVELOPMENT_TEAM = S422Q897FZ;
				INFOPLIST_FILE = DoubleBurgerTests/Info.plist;
				LD_RUNPATH_SEARCH_PATHS = (
					"$(inherited)",
					"@executable_path/Frameworks",
					"@loader_path/Frameworks",
				);
				PRODUCT_BUNDLE_IDENTIFIER = com.ysoftware.DoubleBurgerTests;
				PRODUCT_NAME = "$(TARGET_NAME)";
				SWIFT_VERSION = 4.0;
				TARGETED_DEVICE_FAMILY = "1,2";
				TEST_HOST = "$(BUILT_PRODUCTS_DIR)/DoubleBurger.app/DoubleBurger";
			};
			name = Debug;
		};
		7195418D20F90B7B008B92CC /* Release */ = {
			isa = XCBuildConfiguration;
			buildSettings = {
				ALWAYS_EMBED_SWIFT_STANDARD_LIBRARIES = YES;
				BUNDLE_LOADER = "$(TEST_HOST)";
				CODE_SIGN_STYLE = Automatic;
				DEVELOPMENT_TEAM = S422Q897FZ;
				INFOPLIST_FILE = DoubleBurgerTests/Info.plist;
				LD_RUNPATH_SEARCH_PATHS = (
					"$(inherited)",
					"@executable_path/Frameworks",
					"@loader_path/Frameworks",
				);
				PRODUCT_BUNDLE_IDENTIFIER = com.ysoftware.DoubleBurgerTests;
				PRODUCT_NAME = "$(TARGET_NAME)";
				SWIFT_VERSION = 4.0;
				TARGETED_DEVICE_FAMILY = "1,2";
				TEST_HOST = "$(BUILT_PRODUCTS_DIR)/DoubleBurger.app/DoubleBurger";
			};
			name = Release;
		};
		7195418F20F90B7B008B92CC /* Debug */ = {
			isa = XCBuildConfiguration;
			buildSettings = {
				ALWAYS_EMBED_SWIFT_STANDARD_LIBRARIES = YES;
				CODE_SIGN_STYLE = Automatic;
				DEVELOPMENT_TEAM = S422Q897FZ;
				INFOPLIST_FILE = DoubleBurgerUITests/Info.plist;
				LD_RUNPATH_SEARCH_PATHS = (
					"$(inherited)",
					"@executable_path/Frameworks",
					"@loader_path/Frameworks",
				);
				PRODUCT_BUNDLE_IDENTIFIER = com.ysoftware.DoubleBurgerUITests;
				PRODUCT_NAME = "$(TARGET_NAME)";
				SWIFT_VERSION = 4.0;
				TARGETED_DEVICE_FAMILY = "1,2";
				TEST_TARGET_NAME = DoubleBurger;
			};
			name = Debug;
		};
		7195419020F90B7B008B92CC /* Release */ = {
			isa = XCBuildConfiguration;
			buildSettings = {
				ALWAYS_EMBED_SWIFT_STANDARD_LIBRARIES = YES;
				CODE_SIGN_STYLE = Automatic;
				DEVELOPMENT_TEAM = S422Q897FZ;
				INFOPLIST_FILE = DoubleBurgerUITests/Info.plist;
				LD_RUNPATH_SEARCH_PATHS = (
					"$(inherited)",
					"@executable_path/Frameworks",
					"@loader_path/Frameworks",
				);
				PRODUCT_BUNDLE_IDENTIFIER = com.ysoftware.DoubleBurgerUITests;
				PRODUCT_NAME = "$(TARGET_NAME)";
				SWIFT_VERSION = 4.0;
				TARGETED_DEVICE_FAMILY = "1,2";
				TEST_TARGET_NAME = DoubleBurger;
			};
			name = Release;
		};
/* End XCBuildConfiguration section */

/* Begin XCConfigurationList section */
		7195415B20F90B78008B92CC /* Build configuration list for PBXProject "DoubleBurger" */ = {
			isa = XCConfigurationList;
			buildConfigurations = (
				7195418620F90B7B008B92CC /* Debug */,
				7195418720F90B7B008B92CC /* Release */,
			);
			defaultConfigurationIsVisible = 0;
			defaultConfigurationName = Release;
		};
		7195418820F90B7B008B92CC /* Build configuration list for PBXNativeTarget "DoubleBurger" */ = {
			isa = XCConfigurationList;
			buildConfigurations = (
				7195418920F90B7B008B92CC /* Debug */,
				7195418A20F90B7B008B92CC /* Release */,
			);
			defaultConfigurationIsVisible = 0;
			defaultConfigurationName = Release;
		};
		7195418B20F90B7B008B92CC /* Build configuration list for PBXNativeTarget "DoubleBurgerTests" */ = {
			isa = XCConfigurationList;
			buildConfigurations = (
				7195418C20F90B7B008B92CC /* Debug */,
				7195418D20F90B7B008B92CC /* Release */,
			);
			defaultConfigurationIsVisible = 0;
			defaultConfigurationName = Release;
		};
		7195418E20F90B7B008B92CC /* Build configuration list for PBXNativeTarget "DoubleBurgerUITests" */ = {
			isa = XCConfigurationList;
			buildConfigurations = (
				7195418F20F90B7B008B92CC /* Debug */,
				7195419020F90B7B008B92CC /* Release */,
			);
			defaultConfigurationIsVisible = 0;
			defaultConfigurationName = Release;
		};
/* End XCConfigurationList section */
	};
	rootObject = 7195415820F90B78008B92CC /* Project object */;
}
